// !$*UTF8*$!
{
	archiveVersion = 1;
	classes = {
	};
	objectVersion = 46;
	objects = {

/* Begin PBXBuildFile section */
		36D1416E9238460CAD88A1BB /* libPods.a in Frameworks */ = {isa = PBXBuildFile; fileRef = 8C4A9813412B459C95C8D23E /* libPods.a */; };
		6BC448041905120300A5AA20 /* Foundation.framework in Frameworks */ = {isa = PBXBuildFile; fileRef = 6BC448031905120300A5AA20 /* Foundation.framework */; };
		6BC448061905120300A5AA20 /* CoreGraphics.framework in Frameworks */ = {isa = PBXBuildFile; fileRef = 6BC448051905120300A5AA20 /* CoreGraphics.framework */; };
		6BC448081905120300A5AA20 /* UIKit.framework in Frameworks */ = {isa = PBXBuildFile; fileRef = 6BC448071905120300A5AA20 /* UIKit.framework */; };
		6BC4480E1905120300A5AA20 /* InfoPlist.strings in Resources */ = {isa = PBXBuildFile; fileRef = 6BC4480C1905120300A5AA20 /* InfoPlist.strings */; };
		6BC448101905120300A5AA20 /* main.m in Sources */ = {isa = PBXBuildFile; fileRef = 6BC4480F1905120300A5AA20 /* main.m */; };
		6BC448141905120300A5AA20 /* SMAppDelegate.m in Sources */ = {isa = PBXBuildFile; fileRef = 6BC448131905120300A5AA20 /* SMAppDelegate.m */; };
		6BC448161905120300A5AA20 /* Images.xcassets in Resources */ = {isa = PBXBuildFile; fileRef = 6BC448151905120300A5AA20 /* Images.xcassets */; };
		6BC4481D1905120300A5AA20 /* XCTest.framework in Frameworks */ = {isa = PBXBuildFile; fileRef = 6BC4481C1905120300A5AA20 /* XCTest.framework */; };
		6BC4481E1905120300A5AA20 /* Foundation.framework in Frameworks */ = {isa = PBXBuildFile; fileRef = 6BC448031905120300A5AA20 /* Foundation.framework */; };
		6BC4481F1905120300A5AA20 /* UIKit.framework in Frameworks */ = {isa = PBXBuildFile; fileRef = 6BC448071905120300A5AA20 /* UIKit.framework */; };
		6BC448271905120300A5AA20 /* InfoPlist.strings in Resources */ = {isa = PBXBuildFile; fileRef = 6BC448251905120300A5AA20 /* InfoPlist.strings */; };
		6BC448291905120300A5AA20 /* SMSnatchCarTests.m in Sources */ = {isa = PBXBuildFile; fileRef = 6BC448281905120300A5AA20 /* SMSnatchCarTests.m */; };
		6BC44836190513A100A5AA20 /* SVProgressHUD.bundle in Resources */ = {isa = PBXBuildFile; fileRef = 6BC44833190513A100A5AA20 /* SVProgressHUD.bundle */; };
		6BC44837190513A100A5AA20 /* SVProgressHUD.m in Sources */ = {isa = PBXBuildFile; fileRef = 6BC44835190513A100A5AA20 /* SVProgressHUD.m */; };
		E00BC48919055D1A002B7078 /* SMLeftViewController.m in Sources */ = {isa = PBXBuildFile; fileRef = E00BC48819055D1A002B7078 /* SMLeftViewController.m */; };
		E00BC48C19055D2D002B7078 /* SMCenterViewController.m in Sources */ = {isa = PBXBuildFile; fileRef = E00BC48B19055D2D002B7078 /* SMCenterViewController.m */; };
		E017B5B4190BFBE9007B0608 /* SMCSnatchViewController.m in Sources */ = {isa = PBXBuildFile; fileRef = E017B5B3190BFBE9007B0608 /* SMCSnatchViewController.m */; };
		E017B5B7190BFCDC007B0608 /* SMUtiles.m in Sources */ = {isa = PBXBuildFile; fileRef = E017B5B6190BFCDC007B0608 /* SMUtiles.m */; };
		E017B5BA190BFF4A007B0608 /* SMBootViewController.m in Sources */ = {isa = PBXBuildFile; fileRef = E017B5B9190BFF4A007B0608 /* SMBootViewController.m */; };
		E017B5BD190C1007007B0608 /* SMLoginViewController.m in Sources */ = {isa = PBXBuildFile; fileRef = E017B5BC190C1007007B0608 /* SMLoginViewController.m */; };
		E017B5C3190C1132007B0608 /* SMAboutViewController.m in Sources */ = {isa = PBXBuildFile; fileRef = E017B5C2190C1132007B0608 /* SMAboutViewController.m */; };
		E017B5C6190C1154007B0608 /* SMMasterInfoViewController.m in Sources */ = {isa = PBXBuildFile; fileRef = E017B5C5190C1154007B0608 /* SMMasterInfoViewController.m */; };
		E017B5CD190C1266007B0608 /* SMSnatchHistoryViewController.m in Sources */ = {isa = PBXBuildFile; fileRef = E017B5CC190C1266007B0608 /* SMSnatchHistoryViewController.m */; };
		E0901BC11917D94F007CD0C4 /* SMPortalUtile.m in Sources */ = {isa = PBXBuildFile; fileRef = E0901BC01917D94F007CD0C4 /* SMPortalUtile.m */; };
/* End PBXBuildFile section */

/* Begin PBXContainerItemProxy section */
		6BC448201905120300A5AA20 /* PBXContainerItemProxy */ = {
			isa = PBXContainerItemProxy;
			containerPortal = 6BC447F81905120300A5AA20 /* Project object */;
			proxyType = 1;
			remoteGlobalIDString = 6BC447FF1905120300A5AA20;
			remoteInfo = SMSnatchCar;
		};
/* End PBXContainerItemProxy section */

/* Begin PBXFileReference section */
		52AD355B702E457A9E984C11 /* Pods.xcconfig */ = {isa = PBXFileReference; includeInIndex = 1; lastKnownFileType = text.xcconfig; name = Pods.xcconfig; path = Pods/Pods.xcconfig; sourceTree = "<group>"; };
		6BC448001905120300A5AA20 /* SMSnatchCar.app */ = {isa = PBXFileReference; explicitFileType = wrapper.application; includeInIndex = 0; path = SMSnatchCar.app; sourceTree = BUILT_PRODUCTS_DIR; };
		6BC448031905120300A5AA20 /* Foundation.framework */ = {isa = PBXFileReference; lastKnownFileType = wrapper.framework; name = Foundation.framework; path = System/Library/Frameworks/Foundation.framework; sourceTree = SDKROOT; };
		6BC448051905120300A5AA20 /* CoreGraphics.framework */ = {isa = PBXFileReference; lastKnownFileType = wrapper.framework; name = CoreGraphics.framework; path = System/Library/Frameworks/CoreGraphics.framework; sourceTree = SDKROOT; };
		6BC448071905120300A5AA20 /* UIKit.framework */ = {isa = PBXFileReference; lastKnownFileType = wrapper.framework; name = UIKit.framework; path = System/Library/Frameworks/UIKit.framework; sourceTree = SDKROOT; };
		6BC4480B1905120300A5AA20 /* SMSnatchCar-Info.plist */ = {isa = PBXFileReference; lastKnownFileType = text.plist.xml; path = "SMSnatchCar-Info.plist"; sourceTree = "<group>"; };
		6BC4480D1905120300A5AA20 /* en */ = {isa = PBXFileReference; lastKnownFileType = text.plist.strings; name = en; path = en.lproj/InfoPlist.strings; sourceTree = "<group>"; };
		6BC4480F1905120300A5AA20 /* main.m */ = {isa = PBXFileReference; lastKnownFileType = sourcecode.c.objc; path = main.m; sourceTree = "<group>"; };
		6BC448111905120300A5AA20 /* SMSnatchCar-Prefix.pch */ = {isa = PBXFileReference; lastKnownFileType = sourcecode.c.h; path = "SMSnatchCar-Prefix.pch"; sourceTree = "<group>"; };
		6BC448121905120300A5AA20 /* SMAppDelegate.h */ = {isa = PBXFileReference; lastKnownFileType = sourcecode.c.h; path = SMAppDelegate.h; sourceTree = "<group>"; };
		6BC448131905120300A5AA20 /* SMAppDelegate.m */ = {isa = PBXFileReference; lastKnownFileType = sourcecode.c.objc; path = SMAppDelegate.m; sourceTree = "<group>"; };
		6BC448151905120300A5AA20 /* Images.xcassets */ = {isa = PBXFileReference; lastKnownFileType = folder.assetcatalog; path = Images.xcassets; sourceTree = "<group>"; };
		6BC4481B1905120300A5AA20 /* SMSnatchCarTests.xctest */ = {isa = PBXFileReference; explicitFileType = wrapper.cfbundle; includeInIndex = 0; path = SMSnatchCarTests.xctest; sourceTree = BUILT_PRODUCTS_DIR; };
		6BC4481C1905120300A5AA20 /* XCTest.framework */ = {isa = PBXFileReference; lastKnownFileType = wrapper.framework; name = XCTest.framework; path = Library/Frameworks/XCTest.framework; sourceTree = DEVELOPER_DIR; };
		6BC448241905120300A5AA20 /* SMSnatchCarTests-Info.plist */ = {isa = PBXFileReference; lastKnownFileType = text.plist.xml; path = "SMSnatchCarTests-Info.plist"; sourceTree = "<group>"; };
		6BC448261905120300A5AA20 /* en */ = {isa = PBXFileReference; lastKnownFileType = text.plist.strings; name = en; path = en.lproj/InfoPlist.strings; sourceTree = "<group>"; };
		6BC448281905120300A5AA20 /* SMSnatchCarTests.m */ = {isa = PBXFileReference; lastKnownFileType = sourcecode.c.objc; path = SMSnatchCarTests.m; sourceTree = "<group>"; };
		6BC44833190513A100A5AA20 /* SVProgressHUD.bundle */ = {isa = PBXFileReference; lastKnownFileType = "wrapper.plug-in"; path = SVProgressHUD.bundle; sourceTree = "<group>"; };
		6BC44834190513A100A5AA20 /* SVProgressHUD.h */ = {isa = PBXFileReference; fileEncoding = 4; lastKnownFileType = sourcecode.c.h; path = SVProgressHUD.h; sourceTree = "<group>"; };
		6BC44835190513A100A5AA20 /* SVProgressHUD.m */ = {isa = PBXFileReference; fileEncoding = 4; lastKnownFileType = sourcecode.c.objc; path = SVProgressHUD.m; sourceTree = "<group>"; };
		8C4A9813412B459C95C8D23E /* libPods.a */ = {isa = PBXFileReference; explicitFileType = archive.ar; includeInIndex = 0; path = libPods.a; sourceTree = BUILT_PRODUCTS_DIR; };
		E00BC48719055D1A002B7078 /* SMLeftViewController.h */ = {isa = PBXFileReference; fileEncoding = 4; lastKnownFileType = sourcecode.c.h; path = SMLeftViewController.h; sourceTree = "<group>"; };
		E00BC48819055D1A002B7078 /* SMLeftViewController.m */ = {isa = PBXFileReference; fileEncoding = 4; lastKnownFileType = sourcecode.c.objc; path = SMLeftViewController.m; sourceTree = "<group>"; };
		E00BC48A19055D2D002B7078 /* SMCenterViewController.h */ = {isa = PBXFileReference; fileEncoding = 4; lastKnownFileType = sourcecode.c.h; path = SMCenterViewController.h; sourceTree = "<group>"; };
		E00BC48B19055D2D002B7078 /* SMCenterViewController.m */ = {isa = PBXFileReference; fileEncoding = 4; lastKnownFileType = sourcecode.c.objc; path = SMCenterViewController.m; sourceTree = "<group>"; };
		E017B5B2190BFBE9007B0608 /* SMCSnatchViewController.h */ = {isa = PBXFileReference; fileEncoding = 4; lastKnownFileType = sourcecode.c.h; path = SMCSnatchViewController.h; sourceTree = "<group>"; };
		E017B5B3190BFBE9007B0608 /* SMCSnatchViewController.m */ = {isa = PBXFileReference; fileEncoding = 4; lastKnownFileType = sourcecode.c.objc; path = SMCSnatchViewController.m; sourceTree = "<group>"; };
		E017B5B5190BFCDC007B0608 /* SMUtiles.h */ = {isa = PBXFileReference; fileEncoding = 4; lastKnownFileType = sourcecode.c.h; path = SMUtiles.h; sourceTree = "<group>"; };
		E017B5B6190BFCDC007B0608 /* SMUtiles.m */ = {isa = PBXFileReference; fileEncoding = 4; lastKnownFileType = sourcecode.c.objc; path = SMUtiles.m; sourceTree = "<group>"; };
		E017B5B8190BFF4A007B0608 /* SMBootViewController.h */ = {isa = PBXFileReference; fileEncoding = 4; lastKnownFileType = sourcecode.c.h; path = SMBootViewController.h; sourceTree = "<group>"; };
		E017B5B9190BFF4A007B0608 /* SMBootViewController.m */ = {isa = PBXFileReference; fileEncoding = 4; lastKnownFileType = sourcecode.c.objc; path = SMBootViewController.m; sourceTree = "<group>"; };
		E017B5BB190C1007007B0608 /* SMLoginViewController.h */ = {isa = PBXFileReference; fileEncoding = 4; lastKnownFileType = sourcecode.c.h; path = SMLoginViewController.h; sourceTree = "<group>"; };
		E017B5BC190C1007007B0608 /* SMLoginViewController.m */ = {isa = PBXFileReference; fileEncoding = 4; lastKnownFileType = sourcecode.c.objc; path = SMLoginViewController.m; sourceTree = "<group>"; };
		E017B5C1190C1132007B0608 /* SMAboutViewController.h */ = {isa = PBXFileReference; fileEncoding = 4; lastKnownFileType = sourcecode.c.h; path = SMAboutViewController.h; sourceTree = "<group>"; };
		E017B5C2190C1132007B0608 /* SMAboutViewController.m */ = {isa = PBXFileReference; fileEncoding = 4; lastKnownFileType = sourcecode.c.objc; path = SMAboutViewController.m; sourceTree = "<group>"; };
		E017B5C4190C1154007B0608 /* SMMasterInfoViewController.h */ = {isa = PBXFileReference; fileEncoding = 4; lastKnownFileType = sourcecode.c.h; path = SMMasterInfoViewController.h; sourceTree = "<group>"; };
		E017B5C5190C1154007B0608 /* SMMasterInfoViewController.m */ = {isa = PBXFileReference; fileEncoding = 4; lastKnownFileType = sourcecode.c.objc; path = SMMasterInfoViewController.m; sourceTree = "<group>"; };
		E017B5CB190C1266007B0608 /* SMSnatchHistoryViewController.h */ = {isa = PBXFileReference; fileEncoding = 4; lastKnownFileType = sourcecode.c.h; path = SMSnatchHistoryViewController.h; sourceTree = "<group>"; };
		E017B5CC190C1266007B0608 /* SMSnatchHistoryViewController.m */ = {isa = PBXFileReference; fileEncoding = 4; lastKnownFileType = sourcecode.c.objc; path = SMSnatchHistoryViewController.m; sourceTree = "<group>"; };
		E0901BBF1917D94F007CD0C4 /* SMPortalUtile.h */ = {isa = PBXFileReference; fileEncoding = 4; lastKnownFileType = sourcecode.c.h; path = SMPortalUtile.h; sourceTree = "<group>"; };
		E0901BC01917D94F007CD0C4 /* SMPortalUtile.m */ = {isa = PBXFileReference; fileEncoding = 4; lastKnownFileType = sourcecode.c.objc; path = SMPortalUtile.m; sourceTree = "<group>"; };
/* End PBXFileReference section */

/* Begin PBXFrameworksBuildPhase section */
		6BC447FD1905120300A5AA20 /* Frameworks */ = {
			isa = PBXFrameworksBuildPhase;
			buildActionMask = 2147483647;
			files = (
				6BC448061905120300A5AA20 /* CoreGraphics.framework in Frameworks */,
				6BC448081905120300A5AA20 /* UIKit.framework in Frameworks */,
				6BC448041905120300A5AA20 /* Foundation.framework in Frameworks */,
				36D1416E9238460CAD88A1BB /* libPods.a in Frameworks */,
			);
			runOnlyForDeploymentPostprocessing = 0;
		};
		6BC448181905120300A5AA20 /* Frameworks */ = {
			isa = PBXFrameworksBuildPhase;
			buildActionMask = 2147483647;
			files = (
				6BC4481D1905120300A5AA20 /* XCTest.framework in Frameworks */,
				6BC4481F1905120300A5AA20 /* UIKit.framework in Frameworks */,
				6BC4481E1905120300A5AA20 /* Foundation.framework in Frameworks */,
			);
			runOnlyForDeploymentPostprocessing = 0;
		};
/* End PBXFrameworksBuildPhase section */

/* Begin PBXGroup section */
		6BC447F71905120300A5AA20 = {
			isa = PBXGroup;
			children = (
				6BC44832190513A100A5AA20 /* SVProgressHUD */,
				6BC448091905120300A5AA20 /* SMSnatchCar */,
				6BC448221905120300A5AA20 /* SMSnatchCarTests */,
				6BC448021905120300A5AA20 /* Frameworks */,
				6BC448011905120300A5AA20 /* Products */,
				52AD355B702E457A9E984C11 /* Pods.xcconfig */,
			);
			sourceTree = "<group>";
		};
		6BC448011905120300A5AA20 /* Products */ = {
			isa = PBXGroup;
			children = (
				6BC448001905120300A5AA20 /* SMSnatchCar.app */,
				6BC4481B1905120300A5AA20 /* SMSnatchCarTests.xctest */,
			);
			name = Products;
			sourceTree = "<group>";
		};
		6BC448021905120300A5AA20 /* Frameworks */ = {
			isa = PBXGroup;
			children = (
				6BC448031905120300A5AA20 /* Foundation.framework */,
				6BC448051905120300A5AA20 /* CoreGraphics.framework */,
				6BC448071905120300A5AA20 /* UIKit.framework */,
				6BC4481C1905120300A5AA20 /* XCTest.framework */,
				8C4A9813412B459C95C8D23E /* libPods.a */,
			);
			name = Frameworks;
			sourceTree = "<group>";
		};
		6BC448091905120300A5AA20 /* SMSnatchCar */ = {
			isa = PBXGroup;
			children = (
				E0901BBF1917D94F007CD0C4 /* SMPortalUtile.h */,
				E0901BC01917D94F007CD0C4 /* SMPortalUtile.m */,
				6BC448121905120300A5AA20 /* SMAppDelegate.h */,
				6BC448131905120300A5AA20 /* SMAppDelegate.m */,
				E017B5B5190BFCDC007B0608 /* SMUtiles.h */,
				E017B5B6190BFCDC007B0608 /* SMUtiles.m */,
				E017B5B8190BFF4A007B0608 /* SMBootViewController.h */,
				E017B5B9190BFF4A007B0608 /* SMBootViewController.m */,
				E00BC48719055D1A002B7078 /* SMLeftViewController.h */,
				E00BC48819055D1A002B7078 /* SMLeftViewController.m */,
				E00BC48A19055D2D002B7078 /* SMCenterViewController.h */,
				E00BC48B19055D2D002B7078 /* SMCenterViewController.m */,
				E017B5B2190BFBE9007B0608 /* SMCSnatchViewController.h */,
				E017B5B3190BFBE9007B0608 /* SMCSnatchViewController.m */,
				E017B5BB190C1007007B0608 /* SMLoginViewController.h */,
				E017B5BC190C1007007B0608 /* SMLoginViewController.m */,
				E017B5CA190C1254007B0608 /* SnatchHistory */,
				E017B5BF190C10ED007B0608 /* About */,
				E017B5C0190C10ED007B0608 /* MasterInfo */,
				6BC448151905120300A5AA20 /* Images.xcassets */,
				6BC4480A1905120300A5AA20 /* Supporting Files */,
			);
			path = SMSnatchCar;
			sourceTree = "<group>";
		};
		6BC4480A1905120300A5AA20 /* Supporting Files */ = {
			isa = PBXGroup;
			children = (
				6BC4480B1905120300A5AA20 /* SMSnatchCar-Info.plist */,
				6BC4480C1905120300A5AA20 /* InfoPlist.strings */,
				6BC4480F1905120300A5AA20 /* main.m */,
				6BC448111905120300A5AA20 /* SMSnatchCar-Prefix.pch */,
			);
			name = "Supporting Files";
			sourceTree = "<group>";
		};
		6BC448221905120300A5AA20 /* SMSnatchCarTests */ = {
			isa = PBXGroup;
			children = (
				6BC448281905120300A5AA20 /* SMSnatchCarTests.m */,
				6BC448231905120300A5AA20 /* Supporting Files */,
			);
			path = SMSnatchCarTests;
			sourceTree = "<group>";
		};
		6BC448231905120300A5AA20 /* Supporting Files */ = {
			isa = PBXGroup;
			children = (
				6BC448241905120300A5AA20 /* SMSnatchCarTests-Info.plist */,
				6BC448251905120300A5AA20 /* InfoPlist.strings */,
			);
			name = "Supporting Files";
			sourceTree = "<group>";
		};
		6BC44832190513A100A5AA20 /* SVProgressHUD */ = {
			isa = PBXGroup;
			children = (
				6BC44833190513A100A5AA20 /* SVProgressHUD.bundle */,
				6BC44834190513A100A5AA20 /* SVProgressHUD.h */,
				6BC44835190513A100A5AA20 /* SVProgressHUD.m */,
			);
			path = SVProgressHUD;
			sourceTree = "<group>";
		};
		E017B5BF190C10ED007B0608 /* About */ = {
			isa = PBXGroup;
			children = (
				E017B5C1190C1132007B0608 /* SMAboutViewController.h */,
				E017B5C2190C1132007B0608 /* SMAboutViewController.m */,
			);
			path = About;
			sourceTree = "<group>";
		};
		E017B5C0190C10ED007B0608 /* MasterInfo */ = {
			isa = PBXGroup;
			children = (
				E017B5C4190C1154007B0608 /* SMMasterInfoViewController.h */,
				E017B5C5190C1154007B0608 /* SMMasterInfoViewController.m */,
			);
			path = MasterInfo;
			sourceTree = "<group>";
		};
		E017B5CA190C1254007B0608 /* SnatchHistory */ = {
			isa = PBXGroup;
			children = (
				E017B5CB190C1266007B0608 /* SMSnatchHistoryViewController.h */,
				E017B5CC190C1266007B0608 /* SMSnatchHistoryViewController.m */,
			);
			path = SnatchHistory;
			sourceTree = "<group>";
		};
/* End PBXGroup section */

/* Begin PBXNativeTarget section */
		6BC447FF1905120300A5AA20 /* SMSnatchCar */ = {
			isa = PBXNativeTarget;
			buildConfigurationList = 6BC4482C1905120300A5AA20 /* Build configuration list for PBXNativeTarget "SMSnatchCar" */;
			buildPhases = (
				B6B4DCD2A6654F848F4DCFE5 /* Check Pods Manifest.lock */,
				6BC447FC1905120300A5AA20 /* Sources */,
				6BC447FD1905120300A5AA20 /* Frameworks */,
				6BC447FE1905120300A5AA20 /* Resources */,
				0CC612DD3786474796652561 /* Copy Pods Resources */,
			);
			buildRules = (
			);
			dependencies = (
			);
			name = SMSnatchCar;
			productName = SMSnatchCar;
			productReference = 6BC448001905120300A5AA20 /* SMSnatchCar.app */;
			productType = "com.apple.product-type.application";
		};
		6BC4481A1905120300A5AA20 /* SMSnatchCarTests */ = {
			isa = PBXNativeTarget;
			buildConfigurationList = 6BC4482F1905120300A5AA20 /* Build configuration list for PBXNativeTarget "SMSnatchCarTests" */;
			buildPhases = (
				6BC448171905120300A5AA20 /* Sources */,
				6BC448181905120300A5AA20 /* Frameworks */,
				6BC448191905120300A5AA20 /* Resources */,
			);
			buildRules = (
			);
			dependencies = (
				6BC448211905120300A5AA20 /* PBXTargetDependency */,
			);
			name = SMSnatchCarTests;
			productName = SMSnatchCarTests;
			productReference = 6BC4481B1905120300A5AA20 /* SMSnatchCarTests.xctest */;
			productType = "com.apple.product-type.bundle.unit-test";
		};
/* End PBXNativeTarget section */

/* Begin PBXProject section */
		6BC447F81905120300A5AA20 /* Project object */ = {
			isa = PBXProject;
			attributes = {
				CLASSPREFIX = SM;
				LastUpgradeCheck = 0510;
				ORGANIZATIONNAME = SM;
				TargetAttributes = {
					6BC4481A1905120300A5AA20 = {
						TestTargetID = 6BC447FF1905120300A5AA20;
					};
				};
			};
			buildConfigurationList = 6BC447FB1905120300A5AA20 /* Build configuration list for PBXProject "SMSnatchCar" */;
			compatibilityVersion = "Xcode 3.2";
			developmentRegion = English;
			hasScannedForEncodings = 0;
			knownRegions = (
				en,
			);
			mainGroup = 6BC447F71905120300A5AA20;
			productRefGroup = 6BC448011905120300A5AA20 /* Products */;
			projectDirPath = "";
			projectRoot = "";
			targets = (
				6BC447FF1905120300A5AA20 /* SMSnatchCar */,
				6BC4481A1905120300A5AA20 /* SMSnatchCarTests */,
			);
		};
/* End PBXProject section */

/* Begin PBXResourcesBuildPhase section */
		6BC447FE1905120300A5AA20 /* Resources */ = {
			isa = PBXResourcesBuildPhase;
			buildActionMask = 2147483647;
			files = (
				6BC4480E1905120300A5AA20 /* InfoPlist.strings in Resources */,
				6BC44836190513A100A5AA20 /* SVProgressHUD.bundle in Resources */,
				6BC448161905120300A5AA20 /* Images.xcassets in Resources */,
			);
			runOnlyForDeploymentPostprocessing = 0;
		};
		6BC448191905120300A5AA20 /* Resources */ = {
			isa = PBXResourcesBuildPhase;
			buildActionMask = 2147483647;
			files = (
				6BC448271905120300A5AA20 /* InfoPlist.strings in Resources */,
			);
			runOnlyForDeploymentPostprocessing = 0;
		};
/* End PBXResourcesBuildPhase section */

/* Begin PBXShellScriptBuildPhase section */
		0CC612DD3786474796652561 /* Copy Pods Resources */ = {
			isa = PBXShellScriptBuildPhase;
			buildActionMask = 2147483647;
			files = (
			);
			inputPaths = (
			);
			name = "Copy Pods Resources";
			outputPaths = (
			);
			runOnlyForDeploymentPostprocessing = 0;
			shellPath = /bin/sh;
			shellScript = "\"${SRCROOT}/Pods/Pods-resources.sh\"\n";
			showEnvVarsInLog = 0;
		};
		B6B4DCD2A6654F848F4DCFE5 /* Check Pods Manifest.lock */ = {
			isa = PBXShellScriptBuildPhase;
			buildActionMask = 2147483647;
			files = (
			);
			inputPaths = (
			);
			name = "Check Pods Manifest.lock";
			outputPaths = (
			);
			runOnlyForDeploymentPostprocessing = 0;
			shellPath = /bin/sh;
			shellScript = "diff \"${PODS_ROOT}/../Podfile.lock\" \"${PODS_ROOT}/Manifest.lock\" > /dev/null\nif [[ $? != 0 ]] ; then\n    cat << EOM\nerror: The sandbox is not in sync with the Podfile.lock. Run 'pod install' or update your CocoaPods installation.\nEOM\n    exit 1\nfi\n";
			showEnvVarsInLog = 0;
		};
/* End PBXShellScriptBuildPhase section */

/* Begin PBXSourcesBuildPhase section */
		6BC447FC1905120300A5AA20 /* Sources */ = {
			isa = PBXSourcesBuildPhase;
			buildActionMask = 2147483647;
			files = (
				6BC448141905120300A5AA20 /* SMAppDelegate.m in Sources */,
				6BC448101905120300A5AA20 /* main.m in Sources */,
				6BC44837190513A100A5AA20 /* SVProgressHUD.m in Sources */,
				E017B5B7190BFCDC007B0608 /* SMUtiles.m in Sources */,
				E017B5BD190C1007007B0608 /* SMLoginViewController.m in Sources */,
				E017B5BA190BFF4A007B0608 /* SMBootViewController.m in Sources */,
				E017B5C3190C1132007B0608 /* SMAboutViewController.m in Sources */,
				E0901BC11917D94F007CD0C4 /* SMPortalUtile.m in Sources */,
				E00BC48C19055D2D002B7078 /* SMCenterViewController.m in Sources */,
				E017B5CD190C1266007B0608 /* SMSnatchHistoryViewController.m in Sources */,
				E017B5C6190C1154007B0608 /* SMMasterInfoViewController.m in Sources */,
				E00BC48919055D1A002B7078 /* SMLeftViewController.m in Sources */,
				E017B5B4190BFBE9007B0608 /* SMCSnatchViewController.m in Sources */,
			);
			runOnlyForDeploymentPostprocessing = 0;
		};
		6BC448171905120300A5AA20 /* Sources */ = {
			isa = PBXSourcesBuildPhase;
			buildActionMask = 2147483647;
			files = (
				6BC448291905120300A5AA20 /* SMSnatchCarTests.m in Sources */,
			);
			runOnlyForDeploymentPostprocessing = 0;
		};
/* End PBXSourcesBuildPhase section */

/* Begin PBXTargetDependency section */
		6BC448211905120300A5AA20 /* PBXTargetDependency */ = {
			isa = PBXTargetDependency;
			target = 6BC447FF1905120300A5AA20 /* SMSnatchCar */;
			targetProxy = 6BC448201905120300A5AA20 /* PBXContainerItemProxy */;
		};
/* End PBXTargetDependency section */

/* Begin PBXVariantGroup section */
		6BC4480C1905120300A5AA20 /* InfoPlist.strings */ = {
			isa = PBXVariantGroup;
			children = (
				6BC4480D1905120300A5AA20 /* en */,
			);
			name = InfoPlist.strings;
			sourceTree = "<group>";
		};
		6BC448251905120300A5AA20 /* InfoPlist.strings */ = {
			isa = PBXVariantGroup;
			children = (
				6BC448261905120300A5AA20 /* en */,
			);
			name = InfoPlist.strings;
			sourceTree = "<group>";
		};
/* End PBXVariantGroup section */

/* Begin XCBuildConfiguration section */
		6BC4482A1905120300A5AA20 /* Debug */ = {
			isa = XCBuildConfiguration;
			buildSettings = {
				ALWAYS_SEARCH_USER_PATHS = NO;
				CLANG_CXX_LANGUAGE_STANDARD = "gnu++0x";
				CLANG_CXX_LIBRARY = "libc++";
				CLANG_ENABLE_MODULES = YES;
				CLANG_ENABLE_OBJC_ARC = YES;
				CLANG_WARN_BOOL_CONVERSION = YES;
				CLANG_WARN_CONSTANT_CONVERSION = YES;
				CLANG_WARN_DIRECT_OBJC_ISA_USAGE = YES_ERROR;
				CLANG_WARN_EMPTY_BODY = YES;
				CLANG_WARN_ENUM_CONVERSION = YES;
				CLANG_WARN_INT_CONVERSION = YES;
				CLANG_WARN_OBJC_ROOT_CLASS = YES_ERROR;
				CLANG_WARN__DUPLICATE_METHOD_MATCH = YES;
				"CODE_SIGN_IDENTITY[sdk=iphoneos*]" = "iPhone Developer";
				COPY_PHASE_STRIP = NO;
				GCC_C_LANGUAGE_STANDARD = gnu99;
				GCC_DYNAMIC_NO_PIC = NO;
				GCC_OPTIMIZATION_LEVEL = 0;
				GCC_PREPROCESSOR_DEFINITIONS = (
					"DEBUG=1",
					"$(inherited)",
				);
				GCC_SYMBOLS_PRIVATE_EXTERN = NO;
				GCC_WARN_64_TO_32_BIT_CONVERSION = YES;
				GCC_WARN_ABOUT_RETURN_TYPE = YES_ERROR;
				GCC_WARN_UNDECLARED_SELECTOR = YES;
				GCC_WARN_UNINITIALIZED_AUTOS = YES_AGGRESSIVE;
				GCC_WARN_UNUSED_FUNCTION = YES;
				GCC_WARN_UNUSED_VARIABLE = YES;
				IPHONEOS_DEPLOYMENT_TARGET = 7.1;
				ONLY_ACTIVE_ARCH = YES;
				SDKROOT = iphoneos;
			};
			name = Debug;
		};
		6BC4482B1905120300A5AA20 /* Release */ = {
			isa = XCBuildConfiguration;
			buildSettings = {
				ALWAYS_SEARCH_USER_PATHS = NO;
				CLANG_CXX_LANGUAGE_STANDARD = "gnu++0x";
				CLANG_CXX_LIBRARY = "libc++";
				CLANG_ENABLE_MODULES = YES;
				CLANG_ENABLE_OBJC_ARC = YES;
				CLANG_WARN_BOOL_CONVERSION = YES;
				CLANG_WARN_CONSTANT_CONVERSION = YES;
				CLANG_WARN_DIRECT_OBJC_ISA_USAGE = YES_ERROR;
				CLANG_WARN_EMPTY_BODY = YES;
				CLANG_WARN_ENUM_CONVERSION = YES;
				CLANG_WARN_INT_CONVERSION = YES;
				CLANG_WARN_OBJC_ROOT_CLASS = YES_ERROR;
				CLANG_WARN__DUPLICATE_METHOD_MATCH = YES;
				"CODE_SIGN_IDENTITY[sdk=iphoneos*]" = "iPhone Developer";
				COPY_PHASE_STRIP = YES;
				ENABLE_NS_ASSERTIONS = NO;
				GCC_C_LANGUAGE_STANDARD = gnu99;
				GCC_WARN_64_TO_32_BIT_CONVERSION = YES;
				GCC_WARN_ABOUT_RETURN_TYPE = YES_ERROR;
				GCC_WARN_UNDECLARED_SELECTOR = YES;
				GCC_WARN_UNINITIALIZED_AUTOS = YES_AGGRESSIVE;
				GCC_WARN_UNUSED_FUNCTION = YES;
				GCC_WARN_UNUSED_VARIABLE = YES;
				IPHONEOS_DEPLOYMENT_TARGET = 7.1;
				SDKROOT = iphoneos;
				VALIDATE_PRODUCT = YES;
			};
			name = Release;
		};
		6BC4482D1905120300A5AA20 /* Debug */ = {
			isa = XCBuildConfiguration;
			baseConfigurationReference = 52AD355B702E457A9E984C11 /* Pods.xcconfig */;
			buildSettings = {
				ASSETCATALOG_COMPILER_APPICON_NAME = AppIcon;
				ASSETCATALOG_COMPILER_LAUNCHIMAGE_NAME = LaunchImage;
				GCC_PRECOMPILE_PREFIX_HEADER = YES;
				GCC_PREFIX_HEADER = "SMSnatchCar/SMSnatchCar-Prefix.pch";
				INFOPLIST_FILE = "SMSnatchCar/SMSnatchCar-Info.plist";
				PRODUCT_NAME = "$(TARGET_NAME)";
				WRAPPER_EXTENSION = app;
			};
			name = Debug;
		};
		6BC4482E1905120300A5AA20 /* Release */ = {
			isa = XCBuildConfiguration;
			baseConfigurationReference = 52AD355B702E457A9E984C11 /* Pods.xcconfig */;
			buildSettings = {
				ASSETCATALOG_COMPILER_APPICON_NAME = AppIcon;
				ASSETCATALOG_COMPILER_LAUNCHIMAGE_NAME = LaunchImage;
				GCC_PRECOMPILE_PREFIX_HEADER = YES;
				GCC_PREFIX_HEADER = "SMSnatchCar/SMSnatchCar-Prefix.pch";
				INFOPLIST_FILE = "SMSnatchCar/SMSnatchCar-Info.plist";
				PRODUCT_NAME = "$(TARGET_NAME)";
				WRAPPER_EXTENSION = app;
			};
			name = Release;
		};
		6BC448301905120300A5AA20 /* Debug */ = {
			isa = XCBuildConfiguration;
			buildSettings = {
				BUNDLE_LOADER = "$(BUILT_PRODUCTS_DIR)/SMSnatchCar.app/SMSnatchCar";
				FRAMEWORK_SEARCH_PATHS = (
					"$(SDKROOT)/Developer/Library/Frameworks",
					"$(inherited)",
					"$(DEVELOPER_FRAMEWORKS_DIR)",
				);
				GCC_PRECOMPILE_PREFIX_HEADER = YES;
				GCC_PREFIX_HEADER = "SMSnatchCar/SMSnatchCar-Prefix.pch";
				GCC_PREPROCESSOR_DEFINITIONS = (
					"DEBUG=1",
					"$(inherited)",
				);
				INFOPLIST_FILE = "SMSnatchCarTests/SMSnatchCarTests-Info.plist";
				PRODUCT_NAME = "$(TARGET_NAME)";
				TEST_HOST = "$(BUNDLE_LOADER)";
				WRAPPER_EXTENSION = xctest;
			};
			name = Debug;
		};
		6BC448311905120300A5AA20 /* Release */ = {
			isa = XCBuildConfiguration;
			buildSettings = {
				BUNDLE_LOADER = "$(BUILT_PRODUCTS_DIR)/SMSnatchCar.app/SMSnatchCar";
				FRAMEWORK_SEARCH_PATHS = (
					"$(SDKROOT)/Developer/Library/Frameworks",
					"$(inherited)",
					"$(DEVELOPER_FRAMEWORKS_DIR)",
				);
				GCC_PRECOMPILE_PREFIX_HEADER = YES;
				GCC_PREFIX_HEADER = "SMSnatchCar/SMSnatchCar-Prefix.pch";
				INFOPLIST_FILE = "SMSnatchCarTests/SMSnatchCarTests-Info.plist";
				PRODUCT_NAME = "$(TARGET_NAME)";
				TEST_HOST = "$(BUNDLE_LOADER)";
				WRAPPER_EXTENSION = xctest;
			};
			name = Release;
		};
/* End XCBuildConfiguration section */

/* Begin XCConfigurationList section */
		6BC447FB1905120300A5AA20 /* Build configuration list for PBXProject "SMSnatchCar" */ = {
			isa = XCConfigurationList;
			buildConfigurations = (
				6BC4482A1905120300A5AA20 /* Debug */,
				6BC4482B1905120300A5AA20 /* Release */,
			);
			defaultConfigurationIsVisible = 0;
			defaultConfigurationName = Release;
		};
		6BC4482C1905120300A5AA20 /* Build configuration list for PBXNativeTarget "SMSnatchCar" */ = {
			isa = XCConfigurationList;
			buildConfigurations = (
				6BC4482D1905120300A5AA20 /* Debug */,
				6BC4482E1905120300A5AA20 /* Release */,
			);
			defaultConfigurationIsVisible = 0;
			defaultConfigurationName = Release;
		};
		6BC4482F1905120300A5AA20 /* Build configuration list for PBXNativeTarget "SMSnatchCarTests" */ = {
			isa = XCConfigurationList;
			buildConfigurations = (
				6BC448301905120300A5AA20 /* Debug */,
				6BC448311905120300A5AA20 /* Release */,
			);
			defaultConfigurationIsVisible = 0;
			defaultConfigurationName = Release;
		};
/* End XCConfigurationList section */
	};
	rootObject = 6BC447F81905120300A5AA20 /* Project object */;
}
